
Microsoft Visual Studio Solution File, Format Version 12.00
# Visual Studio Version 16
VisualStudioVersion = 16.0.30709.132
MinimumVisualStudioVersion = 10.0.40219.1
Project("{FAE04EC0-301F-11D3-BF4B-00C04F79EFBC}") = "BrokenRail3MonitorViaWiFi", "BrokenRailMonitorViaWiFi\BrokenRail3MonitorViaWiFi.csproj", "{4FF3A858-415F-4E0B-A7B8-43EAC73E75FB}"
EndProject
Project("{FAE04EC0-301F-11D3-BF4B-00C04F79EFBC}") = "SurfacePlot", "SurfacePlot\SurfacePlot.csproj", "{689E5A33-6531-421B-8E76-87897F7D808D}"
EndProject
Project("{FAE04EC0-301F-11D3-BF4B-00C04F79EFBC}") = "FloatableUserControl", "FloatableUserControl\FloatableUserControl.csproj", "{F7963516-1CBF-4659-9F0A-38D3D9672A1B}"
EndProject
Global
	GlobalSection(SolutionConfigurationPlatforms) = preSolution
		Debug|Any CPU = Debug|Any CPU
		Release|Any CPU = Release|Any CPU
	EndGlobalSection
	GlobalSection(ProjectConfigurationPlatforms) = postSolution
		{4FF3A858-415F-4E0B-A7B8-43EAC73E75FB}.Debug|Any CPU.ActiveCfg = Debug|Any CPU
		{4FF3A858-415F-4E0B-A7B8-43EAC73E75FB}.Debug|Any CPU.Build.0 = Debug|Any CPU
		{4FF3A858-415F-4E0B-A7B8-43EAC73E75FB}.Release|Any CPU.ActiveCfg = Release|Any CPU
		{4FF3A858-415F-4E0B-A7B8-43EAC73E75FB}.Release|Any CPU.Build.0 = Release|Any CPU
		{689E5A33-6531-421B-8E76-87897F7D808D}.Debug|Any CPU.ActiveCfg = Debug|Any CPU
		{689E5A33-6531-421B-8E76-87897F7D808D}.Debug|Any CPU.Build.0 = Debug|Any CPU
		{689E5A33-6531-421B-8E76-87897F7D808D}.Release|Any CPU.ActiveCfg = Release|Any CPU
		{689E5A33-6531-421B-8E76-87897F7D808D}.Release|Any CPU.Build.0 = Release|Any CPU
		{F7963516-1CBF-4659-9F0A-38D3D9672A1B}.Debug|Any CPU.ActiveCfg = Debug|Any CPU
		{F7963516-1CBF-4659-9F0A-38D3D9672A1B}.Debug|Any CPU.Build.0 = Debug|Any CPU
		{F7963516-1CBF-4659-9F0A-38D3D9672A1B}.Release|Any CPU.ActiveCfg = Release|Any CPU
		{F7963516-1CBF-4659-9F0A-38D3D9672A1B}.Release|Any CPU.Build.0 = Release|Any CPU
	EndGlobalSection
	GlobalSection(SolutionProperties) = preSolution
		HideSolutionNode = FALSE
	EndGlobalSection
	GlobalSection(ExtensibilityGlobals) = postSolution
		SolutionGuid = {E049EE52-46E9-4C64-9FA5-D81E6F4ABC77}
	EndGlobalSection
EndGlobal
